
Microsoft Visual Studio Solution File, Format Version 12.00
# Visual Studio Version 17
VisualStudioVersion = 17.0.32014.148
MinimumVisualStudioVersion = 10.0.40219.1
Project("{9A19103F-16F7-4668-BE54-9A1E7A4F7556}") = "SneakersShop", "SneakersShop\SneakersShop.csproj", "{F62DE65C-EC75-4CC1-8E2F-BC6A9011AC97}"
EndProject
Project("{FAE04EC0-301F-11D3-BF4B-00C04F79EFBC}") = "SneakersShop.Tests", "SneakersShop.Tests\SneakersShop.Tests.csproj", "{8B469B55-D034-4CE5-8EF2-12DEC9D696CC}"
EndProject
Global
	GlobalSection(SolutionConfigurationPlatforms) = preSolution
		Debug|Any CPU = Debug|Any CPU
		Release|Any CPU = Release|Any CPU
	EndGlobalSection
	GlobalSection(ProjectConfigurationPlatforms) = postSolution
		{F62DE65C-EC75-4CC1-8E2F-BC6A9011AC97}.Debug|Any CPU.ActiveCfg = Debug|Any CPU
		{F62DE65C-EC75-4CC1-8E2F-BC6A9011AC97}.Debug|Any CPU.Build.0 = Debug|Any CPU
		{F62DE65C-EC75-4CC1-8E2F-BC6A9011AC97}.Release|Any CPU.ActiveCfg = Release|Any CPU
		{F62DE65C-EC75-4CC1-8E2F-BC6A9011AC97}.Release|Any CPU.Build.0 = Release|Any CPU
		{8B469B55-D034-4CE5-8EF2-12DEC9D696CC}.Debug|Any CPU.ActiveCfg = Debug|Any CPU
		{8B469B55-D034-4CE5-8EF2-12DEC9D696CC}.Debug|Any CPU.Build.0 = Debug|Any CPU
		{8B469B55-D034-4CE5-8EF2-12DEC9D696CC}.Release|Any CPU.ActiveCfg = Release|Any CPU
		{8B469B55-D034-4CE5-8EF2-12DEC9D696CC}.Release|Any CPU.Build.0 = Release|Any CPU
	EndGlobalSection
	GlobalSection(SolutionProperties) = preSolution
		HideSolutionNode = FALSE
	EndGlobalSection
	GlobalSection(ExtensibilityGlobals) = postSolution
		SolutionGuid = {4D544618-5AFA-4001-8583-CF7CA4C783FE}
	EndGlobalSection
EndGlobal
